
Microsoft Visual Studio Solution File, Format Version 12.00
Project("{FAE04EC0-301F-11D3-BF4B-00C04F79EFBC}") = "DIPvsIOCvsDI", "DIPvsIOCvsDI\DIPvsIOCvsDI.csproj", "{6D38AB2C-3311-4B29-B48F-FEE0F678456A}"
EndProject
Global
	GlobalSection(SolutionConfigurationPlatforms) = preSolution
		Debug|Any CPU = Debug|Any CPU
		Release|Any CPU = Release|Any CPU
	EndGlobalSection
	GlobalSection(ProjectConfigurationPlatforms) = postSolution
		{6D38AB2C-3311-4B29-B48F-FEE0F678456A}.Debug|Any CPU.ActiveCfg = Debug|Any CPU
		{6D38AB2C-3311-4B29-B48F-FEE0F678456A}.Debug|Any CPU.Build.0 = Debug|Any CPU
		{6D38AB2C-3311-4B29-B48F-FEE0F678456A}.Release|Any CPU.ActiveCfg = Release|Any CPU
		{6D38AB2C-3311-4B29-B48F-FEE0F678456A}.Release|Any CPU.Build.0 = Release|Any CPU
	EndGlobalSection
EndGlobal
